// !$*UTF8*$!
{
	archiveVersion = 1;
	classes = {
	};
	objectVersion = 50;
	objects = {

/* Begin PBXBuildFile section */
		370DF47B242FDE1A00B9FA0C /* MemeTableViewController.swift in Sources */ = {isa = PBXBuildFile; fileRef = 370DF47A242FDE1A00B9FA0C /* MemeTableViewController.swift */; };
		370DF47D242FE42A00B9FA0C /* TabsViewController.swift in Sources */ = {isa = PBXBuildFile; fileRef = 370DF47C242FE42A00B9FA0C /* TabsViewController.swift */; };
		375BF5212402EEF100E5E30A /* Constants.swift in Sources */ = {isa = PBXBuildFile; fileRef = 375BF5202402EEF100E5E30A /* Constants.swift */; };
		375BF5232402F03A00E5E30A /* UIViewControllerExtensions.swift in Sources */ = {isa = PBXBuildFile; fileRef = 375BF5222402F03A00E5E30A /* UIViewControllerExtensions.swift */; };
		3783759C23FCD77500FA7B1B /* AppDelegate.swift in Sources */ = {isa = PBXBuildFile; fileRef = 3783759B23FCD77500FA7B1B /* AppDelegate.swift */; };
		3783759E23FCD77500FA7B1B /* SceneDelegate.swift in Sources */ = {isa = PBXBuildFile; fileRef = 3783759D23FCD77500FA7B1B /* SceneDelegate.swift */; };
		378375A023FCD77500FA7B1B /* MemeEditorViewController.swift in Sources */ = {isa = PBXBuildFile; fileRef = 3783759F23FCD77500FA7B1B /* MemeEditorViewController.swift */; };
		378375A323FCD77500FA7B1B /* Main.storyboard in Resources */ = {isa = PBXBuildFile; fileRef = 378375A123FCD77500FA7B1B /* Main.storyboard */; };
		378375A523FCD77600FA7B1B /* Assets.xcassets in Resources */ = {isa = PBXBuildFile; fileRef = 378375A423FCD77600FA7B1B /* Assets.xcassets */; };
		378375A823FCD77600FA7B1B /* LaunchScreen.storyboard in Resources */ = {isa = PBXBuildFile; fileRef = 378375A623FCD77600FA7B1B /* LaunchScreen.storyboard */; };
		37BF7957240096D900C6857B /* TextFieldExtensions.swift in Sources */ = {isa = PBXBuildFile; fileRef = 37BF7956240096D900C6857B /* TextFieldExtensions.swift */; };
		37BF795A2400A41700C6857B /* MemeTextFieldDelegate.swift in Sources */ = {isa = PBXBuildFile; fileRef = 37BF79592400A41700C6857B /* MemeTextFieldDelegate.swift */; };
		37BF795C2402136B00C6857B /* KeyboardManagement.swift in Sources */ = {isa = PBXBuildFile; fileRef = 37BF795B2402136B00C6857B /* KeyboardManagement.swift */; };
		37BF795E240214D300C6857B /* UIViewExtensions.swift in Sources */ = {isa = PBXBuildFile; fileRef = 37BF795D240214D300C6857B /* UIViewExtensions.swift */; };
		37BF796324021B3200C6857B /* Meme.swift in Sources */ = {isa = PBXBuildFile; fileRef = 37BF796224021B3200C6857B /* Meme.swift */; };
		37D0FF90243F697E00E2F142 /* MemeTableViewCell.swift in Sources */ = {isa = PBXBuildFile; fileRef = 37D0FF8E243F697E00E2F142 /* MemeTableViewCell.swift */; };
		37D0FF91243F697E00E2F142 /* MemeTableViewCell.xib in Resources */ = {isa = PBXBuildFile; fileRef = 37D0FF8F243F697E00E2F142 /* MemeTableViewCell.xib */; };
		37D0FF94243F74E100E2F142 /* MemeCollectionViewCell.swift in Sources */ = {isa = PBXBuildFile; fileRef = 37D0FF92243F74E100E2F142 /* MemeCollectionViewCell.swift */; };
		37D0FF95243F74E100E2F142 /* MemeCollectionViewCell.xib in Resources */ = {isa = PBXBuildFile; fileRef = 37D0FF93243F74E100E2F142 /* MemeCollectionViewCell.xib */; };
/* End PBXBuildFile section */

/* Begin PBXFileReference section */
		370DF47A242FDE1A00B9FA0C /* MemeTableViewController.swift */ = {isa = PBXFileReference; lastKnownFileType = sourcecode.swift; path = MemeTableViewController.swift; sourceTree = "<group>"; };
		370DF47C242FE42A00B9FA0C /* TabsViewController.swift */ = {isa = PBXFileReference; lastKnownFileType = sourcecode.swift; path = TabsViewController.swift; sourceTree = "<group>"; };
		375BF5202402EEF100E5E30A /* Constants.swift */ = {isa = PBXFileReference; lastKnownFileType = sourcecode.swift; path = Constants.swift; sourceTree = "<group>"; };
		375BF5222402F03A00E5E30A /* UIViewControllerExtensions.swift */ = {isa = PBXFileReference; lastKnownFileType = sourcecode.swift; path = UIViewControllerExtensions.swift; sourceTree = "<group>"; };
		3783759823FCD77500FA7B1B /* MeMe App .app */ = {isa = PBXFileReference; explicitFileType = wrapper.application; includeInIndex = 0; path = "MeMe App .app"; sourceTree = BUILT_PRODUCTS_DIR; };
		3783759B23FCD77500FA7B1B /* AppDelegate.swift */ = {isa = PBXFileReference; lastKnownFileType = sourcecode.swift; path = AppDelegate.swift; sourceTree = "<group>"; };
		3783759D23FCD77500FA7B1B /* SceneDelegate.swift */ = {isa = PBXFileReference; lastKnownFileType = sourcecode.swift; path = SceneDelegate.swift; sourceTree = "<group>"; };
		3783759F23FCD77500FA7B1B /* MemeEditorViewController.swift */ = {isa = PBXFileReference; lastKnownFileType = sourcecode.swift; path = MemeEditorViewController.swift; sourceTree = "<group>"; };
		378375A223FCD77500FA7B1B /* Base */ = {isa = PBXFileReference; lastKnownFileType = file.storyboard; name = Base; path = Base.lproj/Main.storyboard; sourceTree = "<group>"; };
		378375A423FCD77600FA7B1B /* Assets.xcassets */ = {isa = PBXFileReference; lastKnownFileType = folder.assetcatalog; path = Assets.xcassets; sourceTree = "<group>"; };
		378375A723FCD77600FA7B1B /* Base */ = {isa = PBXFileReference; lastKnownFileType = file.storyboard; name = Base; path = Base.lproj/LaunchScreen.storyboard; sourceTree = "<group>"; };
		378375A923FCD77600FA7B1B /* Info.plist */ = {isa = PBXFileReference; lastKnownFileType = text.plist.xml; path = Info.plist; sourceTree = "<group>"; };
		37BF7956240096D900C6857B /* TextFieldExtensions.swift */ = {isa = PBXFileReference; lastKnownFileType = sourcecode.swift; path = TextFieldExtensions.swift; sourceTree = "<group>"; };
		37BF79592400A41700C6857B /* MemeTextFieldDelegate.swift */ = {isa = PBXFileReference; lastKnownFileType = sourcecode.swift; path = MemeTextFieldDelegate.swift; sourceTree = "<group>"; };
		37BF795B2402136B00C6857B /* KeyboardManagement.swift */ = {isa = PBXFileReference; lastKnownFileType = sourcecode.swift; path = KeyboardManagement.swift; sourceTree = "<group>"; };
		37BF795D240214D300C6857B /* UIViewExtensions.swift */ = {isa = PBXFileReference; lastKnownFileType = sourcecode.swift; path = UIViewExtensions.swift; sourceTree = "<group>"; };
		37BF796224021B3200C6857B /* Meme.swift */ = {isa = PBXFileReference; lastKnownFileType = sourcecode.swift; path = Meme.swift; sourceTree = "<group>"; };
		37D0FF8E243F697E00E2F142 /* MemeTableViewCell.swift */ = {isa = PBXFileReference; lastKnownFileType = sourcecode.swift; path = MemeTableViewCell.swift; sourceTree = "<group>"; };
		37D0FF8F243F697E00E2F142 /* MemeTableViewCell.xib */ = {isa = PBXFileReference; lastKnownFileType = file.xib; path = MemeTableViewCell.xib; sourceTree = "<group>"; };
		37D0FF92243F74E100E2F142 /* MemeCollectionViewCell.swift */ = {isa = PBXFileReference; lastKnownFileType = sourcecode.swift; path = MemeCollectionViewCell.swift; sourceTree = "<group>"; };
		37D0FF93243F74E100E2F142 /* MemeCollectionViewCell.xib */ = {isa = PBXFileReference; lastKnownFileType = file.xib; path = MemeCollectionViewCell.xib; sourceTree = "<group>"; };
/* End PBXFileReference section */

/* Begin PBXFrameworksBuildPhase section */
		3783759523FCD77500FA7B1B /* Frameworks */ = {
			isa = PBXFrameworksBuildPhase;
			buildActionMask = 2147483647;
			files = (
			);
			runOnlyForDeploymentPostprocessing = 0;
		};
/* End PBXFrameworksBuildPhase section */

/* Begin PBXGroup section */
		3783758F23FCD77500FA7B1B = {
			isa = PBXGroup;
			children = (
				3783759A23FCD77500FA7B1B /* MeMe App */,
				3783759923FCD77500FA7B1B /* Products */,
			);
			sourceTree = "<group>";
		};
		3783759923FCD77500FA7B1B /* Products */ = {
			isa = PBXGroup;
			children = (
				3783759823FCD77500FA7B1B /* MeMe App .app */,
			);
			name = Products;
			sourceTree = "<group>";
		};
		3783759A23FCD77500FA7B1B /* MeMe App */ = {
			isa = PBXGroup;
			children = (
				37D0FF8D243F695500E2F142 /* Cells */,
				37BF795F2402164C00C6857B /* Extensions */,
				37BF79582400A3B800C6857B /* Utils */,
				3783759B23FCD77500FA7B1B /* AppDelegate.swift */,
				3783759D23FCD77500FA7B1B /* SceneDelegate.swift */,
				3783759F23FCD77500FA7B1B /* MemeEditorViewController.swift */,
				37BF796224021B3200C6857B /* Meme.swift */,
				378375A123FCD77500FA7B1B /* Main.storyboard */,
				378375A423FCD77600FA7B1B /* Assets.xcassets */,
				378375A623FCD77600FA7B1B /* LaunchScreen.storyboard */,
				378375A923FCD77600FA7B1B /* Info.plist */,
				370DF47A242FDE1A00B9FA0C /* MemeTableViewController.swift */,
				370DF47C242FE42A00B9FA0C /* TabsViewController.swift */,
			);
			path = "MeMe App";
			sourceTree = "<group>";
		};
		37BF79582400A3B800C6857B /* Utils */ = {
			isa = PBXGroup;
			children = (
				37BF79592400A41700C6857B /* MemeTextFieldDelegate.swift */,
				37BF795B2402136B00C6857B /* KeyboardManagement.swift */,
				375BF5202402EEF100E5E30A /* Constants.swift */,
			);
			path = Utils;
			sourceTree = "<group>";
		};
		37BF795F2402164C00C6857B /* Extensions */ = {
			isa = PBXGroup;
			children = (
				37BF7956240096D900C6857B /* TextFieldExtensions.swift */,
				37BF795D240214D300C6857B /* UIViewExtensions.swift */,
				375BF5222402F03A00E5E30A /* UIViewControllerExtensions.swift */,
			);
			path = Extensions;
			sourceTree = "<group>";
		};
		37D0FF8D243F695500E2F142 /* Cells */ = {
			isa = PBXGroup;
			children = (
				37D0FF8E243F697E00E2F142 /* MemeTableViewCell.swift */,
				37D0FF8F243F697E00E2F142 /* MemeTableViewCell.xib */,
				37D0FF92243F74E100E2F142 /* MemeCollectionViewCell.swift */,
				37D0FF93243F74E100E2F142 /* MemeCollectionViewCell.xib */,
			);
			path = Cells;
			sourceTree = "<group>";
		};
/* End PBXGroup section */

/* Begin PBXNativeTarget section */
		3783759723FCD77500FA7B1B /* MeMe App */ = {
			isa = PBXNativeTarget;
			buildConfigurationList = 378375AC23FCD77600FA7B1B /* Build configuration list for PBXNativeTarget "MeMe App" */;
			buildPhases = (
				3783759423FCD77500FA7B1B /* Sources */,
				3783759523FCD77500FA7B1B /* Frameworks */,
				3783759623FCD77500FA7B1B /* Resources */,
			);
			buildRules = (
			);
			dependencies = (
			);
			name = "MeMe App";
			productName = "MeMe App 1.0";
			productReference = 3783759823FCD77500FA7B1B /* MeMe App .app */;
			productType = "com.apple.product-type.application";
		};
/* End PBXNativeTarget section */

/* Begin PBXProject section */
		3783759023FCD77500FA7B1B /* Project object */ = {
			isa = PBXProject;
			attributes = {
				LastSwiftUpdateCheck = 1130;
				LastUpgradeCheck = 1130;
				ORGANIZATIONNAME = udacity;
				TargetAttributes = {
					3783759723FCD77500FA7B1B = {
						CreatedOnToolsVersion = 11.3;
					};
				};
			};
			buildConfigurationList = 3783759323FCD77500FA7B1B /* Build configuration list for PBXProject "MeMe App" */;
			compatibilityVersion = "Xcode 9.3";
			developmentRegion = en;
			hasScannedForEncodings = 0;
			knownRegions = (
				en,
				Base,
			);
			mainGroup = 3783758F23FCD77500FA7B1B;
			productRefGroup = 3783759923FCD77500FA7B1B /* Products */;
			projectDirPath = "";
			projectRoot = "";
			targets = (
				3783759723FCD77500FA7B1B /* MeMe App */,
			);
		};
/* End PBXProject section */

/* Begin PBXResourcesBuildPhase section */
		3783759623FCD77500FA7B1B /* Resources */ = {
			isa = PBXResourcesBuildPhase;
			buildActionMask = 2147483647;
			files = (
				378375A823FCD77600FA7B1B /* LaunchScreen.storyboard in Resources */,
				37D0FF91243F697E00E2F142 /* MemeTableViewCell.xib in Resources */,
				378375A523FCD77600FA7B1B /* Assets.xcassets in Resources */,
				37D0FF95243F74E100E2F142 /* MemeCollectionViewCell.xib in Resources */,
				378375A323FCD77500FA7B1B /* Main.storyboard in Resources */,
			);
			runOnlyForDeploymentPostprocessing = 0;
		};
/* End PBXResourcesBuildPhase section */

/* Begin PBXSourcesBuildPhase section */
		3783759423FCD77500FA7B1B /* Sources */ = {
			isa = PBXSourcesBuildPhase;
			buildActionMask = 2147483647;
			files = (
				378375A023FCD77500FA7B1B /* MemeEditorViewController.swift in Sources */,
				37BF795C2402136B00C6857B /* KeyboardManagement.swift in Sources */,
				375BF5232402F03A00E5E30A /* UIViewControllerExtensions.swift in Sources */,
				3783759C23FCD77500FA7B1B /* AppDelegate.swift in Sources */,
				37D0FF94243F74E100E2F142 /* MemeCollectionViewCell.swift in Sources */,
				3783759E23FCD77500FA7B1B /* SceneDelegate.swift in Sources */,
				37BF7957240096D900C6857B /* TextFieldExtensions.swift in Sources */,
				375BF5212402EEF100E5E30A /* Constants.swift in Sources */,
				37D0FF90243F697E00E2F142 /* MemeTableViewCell.swift in Sources */,
				37BF795A2400A41700C6857B /* MemeTextFieldDelegate.swift in Sources */,
				370DF47D242FE42A00B9FA0C /* TabsViewController.swift in Sources */,
				370DF47B242FDE1A00B9FA0C /* MemeTableViewController.swift in Sources */,
				37BF796324021B3200C6857B /* Meme.swift in Sources */,
				37BF795E240214D300C6857B /* UIViewExtensions.swift in Sources */,
			);
			runOnlyForDeploymentPostprocessing = 0;
		};
/* End PBXSourcesBuildPhase section */

/* Begin PBXVariantGroup section */
		378375A123FCD77500FA7B1B /* Main.storyboard */ = {
			isa = PBXVariantGroup;
			children = (
				378375A223FCD77500FA7B1B /* Base */,
			);
			name = Main.storyboard;
			sourceTree = "<group>";
		};
		378375A623FCD77600FA7B1B /* LaunchScreen.storyboard */ = {
			isa = PBXVariantGroup;
			children = (
				378375A723FCD77600FA7B1B /* Base */,
			);
			name = LaunchScreen.storyboard;
			sourceTree = "<group>";
		};
/* End PBXVariantGroup section */

/* Begin XCBuildConfiguration section */
		378375AA23FCD77600FA7B1B /* Debug */ = {
			isa = XCBuildConfiguration;
			buildSettings = {
				ALWAYS_SEARCH_USER_PATHS = NO;
				CLANG_ANALYZER_NONNULL = YES;
				CLANG_ANALYZER_NUMBER_OBJECT_CONVERSION = YES_AGGRESSIVE;
				CLANG_CXX_LANGUAGE_STANDARD = "gnu++14";
				CLANG_CXX_LIBRARY = "libc++";
				CLANG_ENABLE_MODULES = YES;
				CLANG_ENABLE_OBJC_ARC = YES;
				CLANG_ENABLE_OBJC_WEAK = YES;
				CLANG_WARN_BLOCK_CAPTURE_AUTORELEASING = YES;
				CLANG_WARN_BOOL_CONVERSION = YES;
				CLANG_WARN_COMMA = YES;
				CLANG_WARN_CONSTANT_CONVERSION = YES;
				CLANG_WARN_DEPRECATED_OBJC_IMPLEMENTATIONS = YES;
				CLANG_WARN_DIRECT_OBJC_ISA_USAGE = YES_ERROR;
				CLANG_WARN_DOCUMENTATION_COMMENTS = YES;
				CLANG_WARN_EMPTY_BODY = YES;
				CLANG_WARN_ENUM_CONVERSION = YES;
				CLANG_WARN_INFINITE_RECURSION = YES;
				CLANG_WARN_INT_CONVERSION = YES;
				CLANG_WARN_NON_LITERAL_NULL_CONVERSION = YES;
				CLANG_WARN_OBJC_IMPLICIT_RETAIN_SELF = YES;
				CLANG_WARN_OBJC_LITERAL_CONVERSION = YES;
				CLANG_WARN_OBJC_ROOT_CLASS = YES_ERROR;
				CLANG_WARN_RANGE_LOOP_ANALYSIS = YES;
				CLANG_WARN_STRICT_PROTOTYPES = YES;
				CLANG_WARN_SUSPICIOUS_MOVE = YES;
				CLANG_WARN_UNGUARDED_AVAILABILITY = YES_AGGRESSIVE;
				CLANG_WARN_UNREACHABLE_CODE = YES;
				CLANG_WARN__DUPLICATE_METHOD_MATCH = YES;
				COPY_PHASE_STRIP = NO;
				DEBUG_INFORMATION_FORMAT = dwarf;
				ENABLE_STRICT_OBJC_MSGSEND = YES;
				ENABLE_TESTABILITY = YES;
				GCC_C_LANGUAGE_STANDARD = gnu11;
				GCC_DYNAMIC_NO_PIC = NO;
				GCC_NO_COMMON_BLOCKS = YES;
				GCC_OPTIMIZATION_LEVEL = 0;
				GCC_PREPROCESSOR_DEFINITIONS = (
					"DEBUG=1",
					"$(inherited)",
				);
				GCC_WARN_64_TO_32_BIT_CONVERSION = YES;
				GCC_WARN_ABOUT_RETURN_TYPE = YES_ERROR;
				GCC_WARN_UNDECLARED_SELECTOR = YES;
				GCC_WARN_UNINITIALIZED_AUTOS = YES_AGGRESSIVE;
				GCC_WARN_UNUSED_FUNCTION = YES;
				GCC_WARN_UNUSED_VARIABLE = YES;
				IPHONEOS_DEPLOYMENT_TARGET = 13.2;
				MTL_ENABLE_DEBUG_INFO = INCLUDE_SOURCE;
				MTL_FAST_MATH = YES;
				ONLY_ACTIVE_ARCH = YES;
				SDKROOT = iphoneos;
				SWIFT_ACTIVE_COMPILATION_CONDITIONS = DEBUG;
				SWIFT_OPTIMIZATION_LEVEL = "-Onone";
			};
			name = Debug;
		};
		378375AB23FCD77600FA7B1B /* Release */ = {
			isa = XCBuildConfiguration;
			buildSettings = {
				ALWAYS_SEARCH_USER_PATHS = NO;
				CLANG_ANALYZER_NONNULL = YES;
				CLANG_ANALYZER_NUMBER_OBJECT_CONVERSION = YES_AGGRESSIVE;
				CLANG_CXX_LANGUAGE_STANDARD = "gnu++14";
				CLANG_CXX_LIBRARY = "libc++";
				CLANG_ENABLE_MODULES = YES;
				CLANG_ENABLE_OBJC_ARC = YES;
				CLANG_ENABLE_OBJC_WEAK = YES;
				CLANG_WARN_BLOCK_CAPTURE_AUTORELEASING = YES;
				CLANG_WARN_BOOL_CONVERSION = YES;
				CLANG_WARN_COMMA = YES;
				CLANG_WARN_CONSTANT_CONVERSION = YES;
				CLANG_WARN_DEPRECATED_OBJC_IMPLEMENTATIONS = YES;
				CLANG_WARN_DIRECT_OBJC_ISA_USAGE = YES_ERROR;
				CLANG_WARN_DOCUMENTATION_COMMENTS = YES;
				CLANG_WARN_EMPTY_BODY = YES;
				CLANG_WARN_ENUM_CONVERSION = YES;
				CLANG_WARN_INFINITE_RECURSION = YES;
				CLANG_WARN_INT_CONVERSION = YES;
				CLANG_WARN_NON_LITERAL_NULL_CONVERSION = YES;
				CLANG_WARN_OBJC_IMPLICIT_RETAIN_SELF = YES;
				CLANG_WARN_OBJC_LITERAL_CONVERSION = YES;
				CLANG_WARN_OBJC_ROOT_CLASS = YES_ERROR;
				CLANG_WARN_RANGE_LOOP_ANALYSIS = YES;
				CLANG_WARN_STRICT_PROTOTYPES = YES;
				CLANG_WARN_SUSPICIOUS_MOVE = YES;
				CLANG_WARN_UNGUARDED_AVAILABILITY = YES_AGGRESSIVE;
				CLANG_WARN_UNREACHABLE_CODE = YES;
				CLANG_WARN__DUPLICATE_METHOD_MATCH = YES;
				COPY_PHASE_STRIP = NO;
				DEBUG_INFORMATION_FORMAT = "dwarf-with-dsym";
				ENABLE_NS_ASSERTIONS = NO;
				ENABLE_STRICT_OBJC_MSGSEND = YES;
				GCC_C_LANGUAGE_STANDARD = gnu11;
				GCC_NO_COMMON_BLOCKS = YES;
				GCC_WARN_64_TO_32_BIT_CONVERSION = YES;
				GCC_WARN_ABOUT_RETURN_TYPE = YES_ERROR;
				GCC_WARN_UNDECLARED_SELECTOR = YES;
				GCC_WARN_UNINITIALIZED_AUTOS = YES_AGGRESSIVE;
				GCC_WARN_UNUSED_FUNCTION = YES;
				GCC_WARN_UNUSED_VARIABLE = YES;
				IPHONEOS_DEPLOYMENT_TARGET = 13.2;
				MTL_ENABLE_DEBUG_INFO = NO;
				MTL_FAST_MATH = YES;
				SDKROOT = iphoneos;
				SWIFT_COMPILATION_MODE = wholemodule;
				SWIFT_OPTIMIZATION_LEVEL = "-O";
				VALIDATE_PRODUCT = YES;
			};
			name = Release;
		};
		378375AD23FCD77600FA7B1B /* Debug */ = {
			isa = XCBuildConfiguration;
			buildSettings = {
				ASSETCATALOG_COMPILER_APPICON_NAME = AppIcon;
				CODE_SIGN_STYLE = Automatic;
				DEVELOPMENT_TEAM = 6L78LAKEZ9;
				INFOPLIST_FILE = "MeMe App/Info.plist";
				LD_RUNPATH_SEARCH_PATHS = (
					"$(inherited)",
					"@executable_path/Frameworks",
				);
				PRODUCT_BUNDLE_IDENTIFIER = "com.gerardo-tc.MeMe-App";
				PRODUCT_NAME = "MeMe App ";
				SWIFT_VERSION = 5.0;
				TARGETED_DEVICE_FAMILY = "1,2";
			};
			name = Debug;
		};
		378375AE23FCD77600FA7B1B /* Release */ = {
			isa = XCBuildConfiguration;
			buildSettings = {
				ASSETCATALOG_COMPILER_APPICON_NAME = AppIcon;
				CODE_SIGN_STYLE = Automatic;
				DEVELOPMENT_TEAM = 6L78LAKEZ9;
				INFOPLIST_FILE = "MeMe App/Info.plist";
				LD_RUNPATH_SEARCH_PATHS = (
					"$(inherited)",
					"@executable_path/Frameworks",
				);
				PRODUCT_BUNDLE_IDENTIFIER = "com.gerardo-tc.MeMe-App";
				PRODUCT_NAME = "MeMe App ";
				SWIFT_VERSION = 5.0;
				TARGETED_DEVICE_FAMILY = "1,2";
			};
			name = Release;
		};
/* End XCBuildConfiguration section */

/* Begin XCConfigurationList section */
		3783759323FCD77500FA7B1B /* Build configuration list for PBXProject "MeMe App" */ = {
			isa = XCConfigurationList;
			buildConfigurations = (
				378375AA23FCD77600FA7B1B /* Debug */,
				378375AB23FCD77600FA7B1B /* Release */,
			);
			defaultConfigurationIsVisible = 0;
			defaultConfigurationName = Release;
		};
		378375AC23FCD77600FA7B1B /* Build configuration list for PBXNativeTarget "MeMe App" */ = {
			isa = XCConfigurationList;
			buildConfigurations = (
				378375AD23FCD77600FA7B1B /* Debug */,
				378375AE23FCD77600FA7B1B /* Release */,
			);
			defaultConfigurationIsVisible = 0;
			defaultConfigurationName = Release;
		};
/* End XCConfigurationList section */
	};
	rootObject = 3783759023FCD77500FA7B1B /* Project object */;
}
